
Microsoft Visual Studio Solution File, Format Version 12.00
# Visual Studio Version 17
VisualStudioVersion = 17.8.34330.188
MinimumVisualStudioVersion = 10.0.40219.1
Project("{FAE04EC0-301F-11D3-BF4B-00C04F79EFBC}") = "SimpleATMSoftware", "SimpleATMSoftware\SimpleATMSoftware.csproj", "{3233442C-ACD6-4EBD-9F06-B26FE0DEA932}"
EndProject
Global
	GlobalSection(SolutionConfigurationPlatforms) = preSolution
		Debug|Any CPU = Debug|Any CPU
		Release|Any CPU = Release|Any CPU
	EndGlobalSection
	GlobalSection(ProjectConfigurationPlatforms) = postSolution
		{3233442C-ACD6-4EBD-9F06-B26FE0DEA932}.Debug|Any CPU.ActiveCfg = Debug|Any CPU
		{3233442C-ACD6-4EBD-9F06-B26FE0DEA932}.Debug|Any CPU.Build.0 = Debug|Any CPU
		{3233442C-ACD6-4EBD-9F06-B26FE0DEA932}.Release|Any CPU.ActiveCfg = Release|Any CPU
		{3233442C-ACD6-4EBD-9F06-B26FE0DEA932}.Release|Any CPU.Build.0 = Release|Any CPU
	EndGlobalSection
	GlobalSection(SolutionProperties) = preSolution
		HideSolutionNode = FALSE
	EndGlobalSection
	GlobalSection(ExtensibilityGlobals) = postSolution
		SolutionGuid = {AC0B0DDA-EB66-4368-A00C-1F6B346D4CCE}
	EndGlobalSection
EndGlobal
